// !$*UTF8*$!
{
	archiveVersion = 1;
	classes = {
	};
	objectVersion = 50;
	objects = {

/* Begin PBXBuildFile section */
		4F3AF90E2501278600DBA09B /* SearchController.swift in Sources */ = {isa = PBXBuildFile; fileRef = 4F3AF90D2501278600DBA09B /* SearchController.swift */; };
		4F3AF911250152E800DBA09B /* ProductHeaderReusableView.swift in Sources */ = {isa = PBXBuildFile; fileRef = 4F3AF910250152E800DBA09B /* ProductHeaderReusableView.swift */; };
		4F3AF9132501661100DBA09B /* SecondProductCell.swift in Sources */ = {isa = PBXBuildFile; fileRef = 4F3AF9122501661100DBA09B /* SecondProductCell.swift */; };
		4F7332132501C7D100320A30 /* ProductHorizontal.swift in Sources */ = {isa = PBXBuildFile; fileRef = 4F7332122501C7D100320A30 /* ProductHorizontal.swift */; };
		4FACE2CD24FC68A500B5B7C5 /* AppDelegate.swift in Sources */ = {isa = PBXBuildFile; fileRef = 4FACE2CC24FC68A500B5B7C5 /* AppDelegate.swift */; };
		4FACE2CF24FC68A500B5B7C5 /* SceneDelegate.swift in Sources */ = {isa = PBXBuildFile; fileRef = 4FACE2CE24FC68A500B5B7C5 /* SceneDelegate.swift */; };
		4FACE2D424FC68A500B5B7C5 /* Main.storyboard in Resources */ = {isa = PBXBuildFile; fileRef = 4FACE2D224FC68A500B5B7C5 /* Main.storyboard */; };
		4FACE2D624FC68A600B5B7C5 /* Assets.xcassets in Resources */ = {isa = PBXBuildFile; fileRef = 4FACE2D524FC68A600B5B7C5 /* Assets.xcassets */; };
		4FACE2D924FC68A600B5B7C5 /* LaunchScreen.storyboard in Resources */ = {isa = PBXBuildFile; fileRef = 4FACE2D724FC68A600B5B7C5 /* LaunchScreen.storyboard */; };
		4FACE2E424FC68A600B5B7C5 /* TokpedTests.swift in Sources */ = {isa = PBXBuildFile; fileRef = 4FACE2E324FC68A600B5B7C5 /* TokpedTests.swift */; };
		4FACE2EF24FC68A600B5B7C5 /* TokpedUITests.swift in Sources */ = {isa = PBXBuildFile; fileRef = 4FACE2EE24FC68A600B5B7C5 /* TokpedUITests.swift */; };
		4FACE30324FC69CF00B5B7C5 /* MainController.swift in Sources */ = {isa = PBXBuildFile; fileRef = 4FACE30224FC69CF00B5B7C5 /* MainController.swift */; };
		4FACE30524FC6A9700B5B7C5 /* Extensions.swift in Sources */ = {isa = PBXBuildFile; fileRef = 4FACE30424FC6A9700B5B7C5 /* Extensions.swift */; };
		4FACE30724FC768E00B5B7C5 /* StorefontController.swift in Sources */ = {isa = PBXBuildFile; fileRef = 4FACE30624FC768E00B5B7C5 /* StorefontController.swift */; };
		4FACE30924FCA77400B5B7C5 /* PromoCell.swift in Sources */ = {isa = PBXBuildFile; fileRef = 4FACE30824FCA77400B5B7C5 /* PromoCell.swift */; };
		4FF8C97524FF76A6000E816D /* LayoutBuilder.swift in Sources */ = {isa = PBXBuildFile; fileRef = 4FF8C97424FF76A6000E816D /* LayoutBuilder.swift */; };
		4FF8C97724FF8263000E816D /* PromoFooterReusableView.swift in Sources */ = {isa = PBXBuildFile; fileRef = 4FF8C97624FF8263000E816D /* PromoFooterReusableView.swift */; };
		4FF8C97924FF8767000E816D /* CollectionViewModel.swift in Sources */ = {isa = PBXBuildFile; fileRef = 4FF8C97824FF8767000E816D /* CollectionViewModel.swift */; };
		4FF8C97D24FF8DB3000E816D /* SmallMenuCell.swift in Sources */ = {isa = PBXBuildFile; fileRef = 4FF8C97C24FF8DB3000E816D /* SmallMenuCell.swift */; };
		4FF8C97F24FF8E47000E816D /* SmallMenuHeaderReusableView.swift in Sources */ = {isa = PBXBuildFile; fileRef = 4FF8C97E24FF8E47000E816D /* SmallMenuHeaderReusableView.swift */; };
		4FF8C98224FFA32B000E816D /* ProductCell.swift in Sources */ = {isa = PBXBuildFile; fileRef = 4FF8C98124FFA32B000E816D /* ProductCell.swift */; };
/* End PBXBuildFile section */

/* Begin PBXContainerItemProxy section */
		4FACE2E024FC68A600B5B7C5 /* PBXContainerItemProxy */ = {
			isa = PBXContainerItemProxy;
			containerPortal = 4FACE2C124FC68A500B5B7C5 /* Project object */;
			proxyType = 1;
			remoteGlobalIDString = 4FACE2C824FC68A500B5B7C5;
			remoteInfo = Tokped;
		};
		4FACE2EB24FC68A600B5B7C5 /* PBXContainerItemProxy */ = {
			isa = PBXContainerItemProxy;
			containerPortal = 4FACE2C124FC68A500B5B7C5 /* Project object */;
			proxyType = 1;
			remoteGlobalIDString = 4FACE2C824FC68A500B5B7C5;
			remoteInfo = Tokped;
		};
/* End PBXContainerItemProxy section */

/* Begin PBXFileReference section */
		4F3AF90D2501278600DBA09B /* SearchController.swift */ = {isa = PBXFileReference; lastKnownFileType = sourcecode.swift; path = SearchController.swift; sourceTree = "<group>"; };
		4F3AF910250152E800DBA09B /* ProductHeaderReusableView.swift */ = {isa = PBXFileReference; lastKnownFileType = sourcecode.swift; path = ProductHeaderReusableView.swift; sourceTree = "<group>"; };
		4F3AF9122501661100DBA09B /* SecondProductCell.swift */ = {isa = PBXFileReference; lastKnownFileType = sourcecode.swift; path = SecondProductCell.swift; sourceTree = "<group>"; };
		4F7332122501C7D100320A30 /* ProductHorizontal.swift */ = {isa = PBXFileReference; lastKnownFileType = sourcecode.swift; path = ProductHorizontal.swift; sourceTree = "<group>"; };
		4FACE2C924FC68A500B5B7C5 /* Tokped.app */ = {isa = PBXFileReference; explicitFileType = wrapper.application; includeInIndex = 0; path = Tokped.app; sourceTree = BUILT_PRODUCTS_DIR; };
		4FACE2CC24FC68A500B5B7C5 /* AppDelegate.swift */ = {isa = PBXFileReference; lastKnownFileType = sourcecode.swift; path = AppDelegate.swift; sourceTree = "<group>"; };
		4FACE2CE24FC68A500B5B7C5 /* SceneDelegate.swift */ = {isa = PBXFileReference; lastKnownFileType = sourcecode.swift; path = SceneDelegate.swift; sourceTree = "<group>"; };
		4FACE2D324FC68A500B5B7C5 /* Base */ = {isa = PBXFileReference; lastKnownFileType = file.storyboard; name = Base; path = Base.lproj/Main.storyboard; sourceTree = "<group>"; };
		4FACE2D524FC68A600B5B7C5 /* Assets.xcassets */ = {isa = PBXFileReference; lastKnownFileType = folder.assetcatalog; path = Assets.xcassets; sourceTree = "<group>"; };
		4FACE2D824FC68A600B5B7C5 /* Base */ = {isa = PBXFileReference; lastKnownFileType = file.storyboard; name = Base; path = Base.lproj/LaunchScreen.storyboard; sourceTree = "<group>"; };
		4FACE2DA24FC68A600B5B7C5 /* Info.plist */ = {isa = PBXFileReference; lastKnownFileType = text.plist.xml; path = Info.plist; sourceTree = "<group>"; };
		4FACE2DF24FC68A600B5B7C5 /* TokpedTests.xctest */ = {isa = PBXFileReference; explicitFileType = wrapper.cfbundle; includeInIndex = 0; path = TokpedTests.xctest; sourceTree = BUILT_PRODUCTS_DIR; };
		4FACE2E324FC68A600B5B7C5 /* TokpedTests.swift */ = {isa = PBXFileReference; lastKnownFileType = sourcecode.swift; path = TokpedTests.swift; sourceTree = "<group>"; };
		4FACE2E524FC68A600B5B7C5 /* Info.plist */ = {isa = PBXFileReference; lastKnownFileType = text.plist.xml; path = Info.plist; sourceTree = "<group>"; };
		4FACE2EA24FC68A600B5B7C5 /* TokpedUITests.xctest */ = {isa = PBXFileReference; explicitFileType = wrapper.cfbundle; includeInIndex = 0; path = TokpedUITests.xctest; sourceTree = BUILT_PRODUCTS_DIR; };
		4FACE2EE24FC68A600B5B7C5 /* TokpedUITests.swift */ = {isa = PBXFileReference; lastKnownFileType = sourcecode.swift; path = TokpedUITests.swift; sourceTree = "<group>"; };
		4FACE2F024FC68A600B5B7C5 /* Info.plist */ = {isa = PBXFileReference; lastKnownFileType = text.plist.xml; path = Info.plist; sourceTree = "<group>"; };
		4FACE30224FC69CF00B5B7C5 /* MainController.swift */ = {isa = PBXFileReference; lastKnownFileType = sourcecode.swift; path = MainController.swift; sourceTree = "<group>"; };
		4FACE30424FC6A9700B5B7C5 /* Extensions.swift */ = {isa = PBXFileReference; lastKnownFileType = sourcecode.swift; path = Extensions.swift; sourceTree = "<group>"; };
		4FACE30624FC768E00B5B7C5 /* StorefontController.swift */ = {isa = PBXFileReference; lastKnownFileType = sourcecode.swift; path = StorefontController.swift; sourceTree = "<group>"; };
		4FACE30824FCA77400B5B7C5 /* PromoCell.swift */ = {isa = PBXFileReference; lastKnownFileType = sourcecode.swift; path = PromoCell.swift; sourceTree = "<group>"; };
		4FF8C97424FF76A6000E816D /* LayoutBuilder.swift */ = {isa = PBXFileReference; lastKnownFileType = sourcecode.swift; path = LayoutBuilder.swift; sourceTree = "<group>"; };
		4FF8C97624FF8263000E816D /* PromoFooterReusableView.swift */ = {isa = PBXFileReference; lastKnownFileType = sourcecode.swift; path = PromoFooterReusableView.swift; sourceTree = "<group>"; };
		4FF8C97824FF8767000E816D /* CollectionViewModel.swift */ = {isa = PBXFileReference; lastKnownFileType = sourcecode.swift; path = CollectionViewModel.swift; sourceTree = "<group>"; };
		4FF8C97C24FF8DB3000E816D /* SmallMenuCell.swift */ = {isa = PBXFileReference; lastKnownFileType = sourcecode.swift; path = SmallMenuCell.swift; sourceTree = "<group>"; };
		4FF8C97E24FF8E47000E816D /* SmallMenuHeaderReusableView.swift */ = {isa = PBXFileReference; lastKnownFileType = sourcecode.swift; path = SmallMenuHeaderReusableView.swift; sourceTree = "<group>"; };
		4FF8C98124FFA32B000E816D /* ProductCell.swift */ = {isa = PBXFileReference; lastKnownFileType = sourcecode.swift; path = ProductCell.swift; sourceTree = "<group>"; };
/* End PBXFileReference section */

/* Begin PBXFrameworksBuildPhase section */
		4FACE2C624FC68A500B5B7C5 /* Frameworks */ = {
			isa = PBXFrameworksBuildPhase;
			buildActionMask = 2147483647;
			files = (
			);
			runOnlyForDeploymentPostprocessing = 0;
		};
		4FACE2DC24FC68A600B5B7C5 /* Frameworks */ = {
			isa = PBXFrameworksBuildPhase;
			buildActionMask = 2147483647;
			files = (
			);
			runOnlyForDeploymentPostprocessing = 0;
		};
		4FACE2E724FC68A600B5B7C5 /* Frameworks */ = {
			isa = PBXFrameworksBuildPhase;
			buildActionMask = 2147483647;
			files = (
			);
			runOnlyForDeploymentPostprocessing = 0;
		};
/* End PBXFrameworksBuildPhase section */

/* Begin PBXGroup section */
		4F0316B824FF724D004CD044 /* Cell */ = {
			isa = PBXGroup;
			children = (
				4F7332122501C7D100320A30 /* ProductHorizontal.swift */,
				4FF8C98124FFA32B000E816D /* ProductCell.swift */,
				4FF8C97C24FF8DB3000E816D /* SmallMenuCell.swift */,
				4FACE30824FCA77400B5B7C5 /* PromoCell.swift */,
				4F3AF9122501661100DBA09B /* SecondProductCell.swift */,
			);
			path = Cell;
			sourceTree = "<group>";
		};
		4F3AF90F25012A7B00DBA09B /* ReusableViews */ = {
			isa = PBXGroup;
			children = (
				4FF8C97E24FF8E47000E816D /* SmallMenuHeaderReusableView.swift */,
				4FF8C97624FF8263000E816D /* PromoFooterReusableView.swift */,
				4F3AF910250152E800DBA09B /* ProductHeaderReusableView.swift */,
			);
			path = ReusableViews;
			sourceTree = "<group>";
		};
		4FACE2C024FC68A500B5B7C5 = {
			isa = PBXGroup;
			children = (
				4FACE2CB24FC68A500B5B7C5 /* Tokped */,
				4FACE2E224FC68A600B5B7C5 /* TokpedTests */,
				4FACE2ED24FC68A600B5B7C5 /* TokpedUITests */,
				4FACE2CA24FC68A500B5B7C5 /* Products */,
			);
			sourceTree = "<group>";
		};
		4FACE2CA24FC68A500B5B7C5 /* Products */ = {
			isa = PBXGroup;
			children = (
				4FACE2C924FC68A500B5B7C5 /* Tokped.app */,
				4FACE2DF24FC68A600B5B7C5 /* TokpedTests.xctest */,
				4FACE2EA24FC68A600B5B7C5 /* TokpedUITests.xctest */,
			);
			name = Products;
			sourceTree = "<group>";
		};
		4FACE2CB24FC68A500B5B7C5 /* Tokped */ = {
			isa = PBXGroup;
			children = (
				4FACE30124FC68E100B5B7C5 /* Utils */,
				4FACE30024FC68DB00B5B7C5 /* API */,
				4FACE2FF24FC68D000B5B7C5 /* Views */,
				4FACE2FE24FC68C800B5B7C5 /* View */,
				4FACE2FD24FC68C000B5B7C5 /* ViewModel */,
				4FACE2FC24FC68B200B5B7C5 /* Model */,
				4FACE2CC24FC68A500B5B7C5 /* AppDelegate.swift */,
				4FACE2CE24FC68A500B5B7C5 /* SceneDelegate.swift */,
				4FACE2D224FC68A500B5B7C5 /* Main.storyboard */,
				4FACE2D524FC68A600B5B7C5 /* Assets.xcassets */,
				4FACE2D724FC68A600B5B7C5 /* LaunchScreen.storyboard */,
				4FACE2DA24FC68A600B5B7C5 /* Info.plist */,
			);
			path = Tokped;
			sourceTree = "<group>";
		};
		4FACE2E224FC68A600B5B7C5 /* TokpedTests */ = {
			isa = PBXGroup;
			children = (
				4FACE2E324FC68A600B5B7C5 /* TokpedTests.swift */,
				4FACE2E524FC68A600B5B7C5 /* Info.plist */,
			);
			path = TokpedTests;
			sourceTree = "<group>";
		};
		4FACE2ED24FC68A600B5B7C5 /* TokpedUITests */ = {
			isa = PBXGroup;
			children = (
				4FACE2EE24FC68A600B5B7C5 /* TokpedUITests.swift */,
				4FACE2F024FC68A600B5B7C5 /* Info.plist */,
			);
			path = TokpedUITests;
			sourceTree = "<group>";
		};
		4FACE2FC24FC68B200B5B7C5 /* Model */ = {
			isa = PBXGroup;
			children = (
			);
			path = Model;
			sourceTree = "<group>";
		};
		4FACE2FD24FC68C000B5B7C5 /* ViewModel */ = {
			isa = PBXGroup;
			children = (
				4FF8C97824FF8767000E816D /* CollectionViewModel.swift */,
			);
			path = ViewModel;
			sourceTree = "<group>";
		};
		4FACE2FE24FC68C800B5B7C5 /* View */ = {
			isa = PBXGroup;
			children = (
				4F3AF90F25012A7B00DBA09B /* ReusableViews */,
				4F0316B824FF724D004CD044 /* Cell */,
				4FF8C97424FF76A6000E816D /* LayoutBuilder.swift */,
			);
			path = View;
			sourceTree = "<group>";
		};
		4FACE2FF24FC68D000B5B7C5 /* Views */ = {
			isa = PBXGroup;
			children = (
				4FACE30224FC69CF00B5B7C5 /* MainController.swift */,
				4FACE30624FC768E00B5B7C5 /* StorefontController.swift */,
				4F3AF90D2501278600DBA09B /* SearchController.swift */,
			);
			path = Views;
			sourceTree = "<group>";
		};
		4FACE30024FC68DB00B5B7C5 /* API */ = {
			isa = PBXGroup;
			children = (
			);
			path = API;
			sourceTree = "<group>";
		};
		4FACE30124FC68E100B5B7C5 /* Utils */ = {
			isa = PBXGroup;
			children = (
				4FACE30424FC6A9700B5B7C5 /* Extensions.swift */,
			);
			path = Utils;
			sourceTree = "<group>";
		};
/* End PBXGroup section */

/* Begin PBXNativeTarget section */
		4FACE2C824FC68A500B5B7C5 /* Tokped */ = {
			isa = PBXNativeTarget;
			buildConfigurationList = 4FACE2F324FC68A600B5B7C5 /* Build configuration list for PBXNativeTarget "Tokped" */;
			buildPhases = (
				4FACE2C524FC68A500B5B7C5 /* Sources */,
				4FACE2C624FC68A500B5B7C5 /* Frameworks */,
				4FACE2C724FC68A500B5B7C5 /* Resources */,
			);
			buildRules = (
			);
			dependencies = (
			);
			name = Tokped;
			productName = Tokped;
			productReference = 4FACE2C924FC68A500B5B7C5 /* Tokped.app */;
			productType = "com.apple.product-type.application";
		};
		4FACE2DE24FC68A600B5B7C5 /* TokpedTests */ = {
			isa = PBXNativeTarget;
			buildConfigurationList = 4FACE2F624FC68A600B5B7C5 /* Build configuration list for PBXNativeTarget "TokpedTests" */;
			buildPhases = (
				4FACE2DB24FC68A600B5B7C5 /* Sources */,
				4FACE2DC24FC68A600B5B7C5 /* Frameworks */,
				4FACE2DD24FC68A600B5B7C5 /* Resources */,
			);
			buildRules = (
			);
			dependencies = (
				4FACE2E124FC68A600B5B7C5 /* PBXTargetDependency */,
			);
			name = TokpedTests;
			productName = TokpedTests;
			productReference = 4FACE2DF24FC68A600B5B7C5 /* TokpedTests.xctest */;
			productType = "com.apple.product-type.bundle.unit-test";
		};
		4FACE2E924FC68A600B5B7C5 /* TokpedUITests */ = {
			isa = PBXNativeTarget;
			buildConfigurationList = 4FACE2F924FC68A600B5B7C5 /* Build configuration list for PBXNativeTarget "TokpedUITests" */;
			buildPhases = (
				4FACE2E624FC68A600B5B7C5 /* Sources */,
				4FACE2E724FC68A600B5B7C5 /* Frameworks */,
				4FACE2E824FC68A600B5B7C5 /* Resources */,
			);
			buildRules = (
			);
			dependencies = (
				4FACE2EC24FC68A600B5B7C5 /* PBXTargetDependency */,
			);
			name = TokpedUITests;
			productName = TokpedUITests;
			productReference = 4FACE2EA24FC68A600B5B7C5 /* TokpedUITests.xctest */;
			productType = "com.apple.product-type.bundle.ui-testing";
		};
/* End PBXNativeTarget section */

/* Begin PBXProject section */
		4FACE2C124FC68A500B5B7C5 /* Project object */ = {
			isa = PBXProject;
			attributes = {
				LastSwiftUpdateCheck = 1160;
				LastUpgradeCheck = 1160;
				ORGANIZATIONNAME = "Bayu Kurniawan";
				TargetAttributes = {
					4FACE2C824FC68A500B5B7C5 = {
						CreatedOnToolsVersion = 11.6;
					};
					4FACE2DE24FC68A600B5B7C5 = {
						CreatedOnToolsVersion = 11.6;
						TestTargetID = 4FACE2C824FC68A500B5B7C5;
					};
					4FACE2E924FC68A600B5B7C5 = {
						CreatedOnToolsVersion = 11.6;
						TestTargetID = 4FACE2C824FC68A500B5B7C5;
					};
				};
			};
			buildConfigurationList = 4FACE2C424FC68A500B5B7C5 /* Build configuration list for PBXProject "Tokped" */;
			compatibilityVersion = "Xcode 9.3";
			developmentRegion = en;
			hasScannedForEncodings = 0;
			knownRegions = (
				en,
				Base,
			);
			mainGroup = 4FACE2C024FC68A500B5B7C5;
			productRefGroup = 4FACE2CA24FC68A500B5B7C5 /* Products */;
			projectDirPath = "";
			projectRoot = "";
			targets = (
				4FACE2C824FC68A500B5B7C5 /* Tokped */,
				4FACE2DE24FC68A600B5B7C5 /* TokpedTests */,
				4FACE2E924FC68A600B5B7C5 /* TokpedUITests */,
			);
		};
/* End PBXProject section */

/* Begin PBXResourcesBuildPhase section */
		4FACE2C724FC68A500B5B7C5 /* Resources */ = {
			isa = PBXResourcesBuildPhase;
			buildActionMask = 2147483647;
			files = (
				4FACE2D924FC68A600B5B7C5 /* LaunchScreen.storyboard in Resources */,
				4FACE2D624FC68A600B5B7C5 /* Assets.xcassets in Resources */,
				4FACE2D424FC68A500B5B7C5 /* Main.storyboard in Resources */,
			);
			runOnlyForDeploymentPostprocessing = 0;
		};
		4FACE2DD24FC68A600B5B7C5 /* Resources */ = {
			isa = PBXResourcesBuildPhase;
			buildActionMask = 2147483647;
			files = (
			);
			runOnlyForDeploymentPostprocessing = 0;
		};
		4FACE2E824FC68A600B5B7C5 /* Resources */ = {
			isa = PBXResourcesBuildPhase;
			buildActionMask = 2147483647;
			files = (
			);
			runOnlyForDeploymentPostprocessing = 0;
		};
/* End PBXResourcesBuildPhase section */

/* Begin PBXSourcesBuildPhase section */
		4FACE2C524FC68A500B5B7C5 /* Sources */ = {
			isa = PBXSourcesBuildPhase;
			buildActionMask = 2147483647;
			files = (
				4FACE2CD24FC68A500B5B7C5 /* AppDelegate.swift in Sources */,
				4FACE30324FC69CF00B5B7C5 /* MainController.swift in Sources */,
				4FF8C97724FF8263000E816D /* PromoFooterReusableView.swift in Sources */,
				4F3AF90E2501278600DBA09B /* SearchController.swift in Sources */,
				4F3AF911250152E800DBA09B /* ProductHeaderReusableView.swift in Sources */,
				4FACE2CF24FC68A500B5B7C5 /* SceneDelegate.swift in Sources */,
				4FF8C97D24FF8DB3000E816D /* SmallMenuCell.swift in Sources */,
				4FF8C97524FF76A6000E816D /* LayoutBuilder.swift in Sources */,
				4FACE30524FC6A9700B5B7C5 /* Extensions.swift in Sources */,
				4FF8C97924FF8767000E816D /* CollectionViewModel.swift in Sources */,
				4FACE30924FCA77400B5B7C5 /* PromoCell.swift in Sources */,
				4F3AF9132501661100DBA09B /* SecondProductCell.swift in Sources */,
				4FF8C98224FFA32B000E816D /* ProductCell.swift in Sources */,
				4F7332132501C7D100320A30 /* ProductHorizontal.swift in Sources */,
				4FF8C97F24FF8E47000E816D /* SmallMenuHeaderReusableView.swift in Sources */,
				4FACE30724FC768E00B5B7C5 /* StorefontController.swift in Sources */,
			);
			runOnlyForDeploymentPostprocessing = 0;
		};
		4FACE2DB24FC68A600B5B7C5 /* Sources */ = {
			isa = PBXSourcesBuildPhase;
			buildActionMask = 2147483647;
			files = (
				4FACE2E424FC68A600B5B7C5 /* TokpedTests.swift in Sources */,
			);
			runOnlyForDeploymentPostprocessing = 0;
		};
		4FACE2E624FC68A600B5B7C5 /* Sources */ = {
			isa = PBXSourcesBuildPhase;
			buildActionMask = 2147483647;
			files = (
				4FACE2EF24FC68A600B5B7C5 /* TokpedUITests.swift in Sources */,
			);
			runOnlyForDeploymentPostprocessing = 0;
		};
/* End PBXSourcesBuildPhase section */

/* Begin PBXTargetDependency section */
		4FACE2E124FC68A600B5B7C5 /* PBXTargetDependency */ = {
			isa = PBXTargetDependency;
			target = 4FACE2C824FC68A500B5B7C5 /* Tokped */;
			targetProxy = 4FACE2E024FC68A600B5B7C5 /* PBXContainerItemProxy */;
		};
		4FACE2EC24FC68A600B5B7C5 /* PBXTargetDependency */ = {
			isa = PBXTargetDependency;
			target = 4FACE2C824FC68A500B5B7C5 /* Tokped */;
			targetProxy = 4FACE2EB24FC68A600B5B7C5 /* PBXContainerItemProxy */;
		};
/* End PBXTargetDependency section */

/* Begin PBXVariantGroup section */
		4FACE2D224FC68A500B5B7C5 /* Main.storyboard */ = {
			isa = PBXVariantGroup;
			children = (
				4FACE2D324FC68A500B5B7C5 /* Base */,
			);
			name = Main.storyboard;
			sourceTree = "<group>";
		};
		4FACE2D724FC68A600B5B7C5 /* LaunchScreen.storyboard */ = {
			isa = PBXVariantGroup;
			children = (
				4FACE2D824FC68A600B5B7C5 /* Base */,
			);
			name = LaunchScreen.storyboard;
			sourceTree = "<group>";
		};
/* End PBXVariantGroup section */

/* Begin XCBuildConfiguration section */
		4FACE2F124FC68A600B5B7C5 /* Debug */ = {
			isa = XCBuildConfiguration;
			buildSettings = {
				ALWAYS_SEARCH_USER_PATHS = NO;
				CLANG_ANALYZER_NONNULL = YES;
				CLANG_ANALYZER_NUMBER_OBJECT_CONVERSION = YES_AGGRESSIVE;
				CLANG_CXX_LANGUAGE_STANDARD = "gnu++14";
				CLANG_CXX_LIBRARY = "libc++";
				CLANG_ENABLE_MODULES = YES;
				CLANG_ENABLE_OBJC_ARC = YES;
				CLANG_ENABLE_OBJC_WEAK = YES;
				CLANG_WARN_BLOCK_CAPTURE_AUTORELEASING = YES;
				CLANG_WARN_BOOL_CONVERSION = YES;
				CLANG_WARN_COMMA = YES;
				CLANG_WARN_CONSTANT_CONVERSION = YES;
				CLANG_WARN_DEPRECATED_OBJC_IMPLEMENTATIONS = YES;
				CLANG_WARN_DIRECT_OBJC_ISA_USAGE = YES_ERROR;
				CLANG_WARN_DOCUMENTATION_COMMENTS = YES;
				CLANG_WARN_EMPTY_BODY = YES;
				CLANG_WARN_ENUM_CONVERSION = YES;
				CLANG_WARN_INFINITE_RECURSION = YES;
				CLANG_WARN_INT_CONVERSION = YES;
				CLANG_WARN_NON_LITERAL_NULL_CONVERSION = YES;
				CLANG_WARN_OBJC_IMPLICIT_RETAIN_SELF = YES;
				CLANG_WARN_OBJC_LITERAL_CONVERSION = YES;
				CLANG_WARN_OBJC_ROOT_CLASS = YES_ERROR;
				CLANG_WARN_RANGE_LOOP_ANALYSIS = YES;
				CLANG_WARN_STRICT_PROTOTYPES = YES;
				CLANG_WARN_SUSPICIOUS_MOVE = YES;
				CLANG_WARN_UNGUARDED_AVAILABILITY = YES_AGGRESSIVE;
				CLANG_WARN_UNREACHABLE_CODE = YES;
				CLANG_WARN__DUPLICATE_METHOD_MATCH = YES;
				COPY_PHASE_STRIP = NO;
				DEBUG_INFORMATION_FORMAT = dwarf;
				ENABLE_STRICT_OBJC_MSGSEND = YES;
				ENABLE_TESTABILITY = YES;
				GCC_C_LANGUAGE_STANDARD = gnu11;
				GCC_DYNAMIC_NO_PIC = NO;
				GCC_NO_COMMON_BLOCKS = YES;
				GCC_OPTIMIZATION_LEVEL = 0;
				GCC_PREPROCESSOR_DEFINITIONS = (
					"DEBUG=1",
					"$(inherited)",
				);
				GCC_WARN_64_TO_32_BIT_CONVERSION = YES;
				GCC_WARN_ABOUT_RETURN_TYPE = YES_ERROR;
				GCC_WARN_UNDECLARED_SELECTOR = YES;
				GCC_WARN_UNINITIALIZED_AUTOS = YES_AGGRESSIVE;
				GCC_WARN_UNUSED_FUNCTION = YES;
				GCC_WARN_UNUSED_VARIABLE = YES;
				IPHONEOS_DEPLOYMENT_TARGET = 13.0;
				MTL_ENABLE_DEBUG_INFO = INCLUDE_SOURCE;
				MTL_FAST_MATH = YES;
				ONLY_ACTIVE_ARCH = YES;
				SDKROOT = iphoneos;
				SWIFT_ACTIVE_COMPILATION_CONDITIONS = DEBUG;
				SWIFT_OPTIMIZATION_LEVEL = "-Onone";
			};
			name = Debug;
		};
		4FACE2F224FC68A600B5B7C5 /* Release */ = {
			isa = XCBuildConfiguration;
			buildSettings = {
				ALWAYS_SEARCH_USER_PATHS = NO;
				CLANG_ANALYZER_NONNULL = YES;
				CLANG_ANALYZER_NUMBER_OBJECT_CONVERSION = YES_AGGRESSIVE;
				CLANG_CXX_LANGUAGE_STANDARD = "gnu++14";
				CLANG_CXX_LIBRARY = "libc++";
				CLANG_ENABLE_MODULES = YES;
				CLANG_ENABLE_OBJC_ARC = YES;
				CLANG_ENABLE_OBJC_WEAK = YES;
				CLANG_WARN_BLOCK_CAPTURE_AUTORELEASING = YES;
				CLANG_WARN_BOOL_CONVERSION = YES;
				CLANG_WARN_COMMA = YES;
				CLANG_WARN_CONSTANT_CONVERSION = YES;
				CLANG_WARN_DEPRECATED_OBJC_IMPLEMENTATIONS = YES;
				CLANG_WARN_DIRECT_OBJC_ISA_USAGE = YES_ERROR;
				CLANG_WARN_DOCUMENTATION_COMMENTS = YES;
				CLANG_WARN_EMPTY_BODY = YES;
				CLANG_WARN_ENUM_CONVERSION = YES;
				CLANG_WARN_INFINITE_RECURSION = YES;
				CLANG_WARN_INT_CONVERSION = YES;
				CLANG_WARN_NON_LITERAL_NULL_CONVERSION = YES;
				CLANG_WARN_OBJC_IMPLICIT_RETAIN_SELF = YES;
				CLANG_WARN_OBJC_LITERAL_CONVERSION = YES;
				CLANG_WARN_OBJC_ROOT_CLASS = YES_ERROR;
				CLANG_WARN_RANGE_LOOP_ANALYSIS = YES;
				CLANG_WARN_STRICT_PROTOTYPES = YES;
				CLANG_WARN_SUSPICIOUS_MOVE = YES;
				CLANG_WARN_UNGUARDED_AVAILABILITY = YES_AGGRESSIVE;
				CLANG_WARN_UNREACHABLE_CODE = YES;
				CLANG_WARN__DUPLICATE_METHOD_MATCH = YES;
				COPY_PHASE_STRIP = NO;
				DEBUG_INFORMATION_FORMAT = "dwarf-with-dsym";
				ENABLE_NS_ASSERTIONS = NO;
				ENABLE_STRICT_OBJC_MSGSEND = YES;
				GCC_C_LANGUAGE_STANDARD = gnu11;
				GCC_NO_COMMON_BLOCKS = YES;
				GCC_WARN_64_TO_32_BIT_CONVERSION = YES;
				GCC_WARN_ABOUT_RETURN_TYPE = YES_ERROR;
				GCC_WARN_UNDECLARED_SELECTOR = YES;
				GCC_WARN_UNINITIALIZED_AUTOS = YES_AGGRESSIVE;
				GCC_WARN_UNUSED_FUNCTION = YES;
				GCC_WARN_UNUSED_VARIABLE = YES;
				IPHONEOS_DEPLOYMENT_TARGET = 13.0;
				MTL_ENABLE_DEBUG_INFO = NO;
				MTL_FAST_MATH = YES;
				SDKROOT = iphoneos;
				SWIFT_COMPILATION_MODE = wholemodule;
				SWIFT_OPTIMIZATION_LEVEL = "-O";
				VALIDATE_PRODUCT = YES;
			};
			name = Release;
		};
		4FACE2F424FC68A600B5B7C5 /* Debug */ = {
			isa = XCBuildConfiguration;
			buildSettings = {
				ASSETCATALOG_COMPILER_APPICON_NAME = AppIcon;
				CODE_SIGN_STYLE = Automatic;
				DEVELOPMENT_TEAM = 296RF6QMS7;
				INFOPLIST_FILE = Tokped/Info.plist;
				LD_RUNPATH_SEARCH_PATHS = (
					"$(inherited)",
					"@executable_path/Frameworks",
				);
				PRODUCT_BUNDLE_IDENTIFIER = com.sikubay.Tokped;
				PRODUCT_NAME = "$(TARGET_NAME)";
				SWIFT_VERSION = 5.0;
				TARGETED_DEVICE_FAMILY = 1;
			};
			name = Debug;
		};
		4FACE2F524FC68A600B5B7C5 /* Release */ = {
			isa = XCBuildConfiguration;
			buildSettings = {
				ASSETCATALOG_COMPILER_APPICON_NAME = AppIcon;
				CODE_SIGN_STYLE = Automatic;
				DEVELOPMENT_TEAM = 296RF6QMS7;
				INFOPLIST_FILE = Tokped/Info.plist;
				LD_RUNPATH_SEARCH_PATHS = (
					"$(inherited)",
					"@executable_path/Frameworks",
				);
				PRODUCT_BUNDLE_IDENTIFIER = com.sikubay.Tokped;
				PRODUCT_NAME = "$(TARGET_NAME)";
				SWIFT_VERSION = 5.0;
				TARGETED_DEVICE_FAMILY = 1;
			};
			name = Release;
		};
		4FACE2F724FC68A600B5B7C5 /* Debug */ = {
			isa = XCBuildConfiguration;
			buildSettings = {
				ALWAYS_EMBED_SWIFT_STANDARD_LIBRARIES = YES;
				BUNDLE_LOADER = "$(TEST_HOST)";
				CODE_SIGN_STYLE = Automatic;
				DEVELOPMENT_TEAM = 296RF6QMS7;
				INFOPLIST_FILE = TokpedTests/Info.plist;
				IPHONEOS_DEPLOYMENT_TARGET = 13.6;
				LD_RUNPATH_SEARCH_PATHS = (
					"$(inherited)",
					"@executable_path/Frameworks",
					"@loader_path/Frameworks",
				);
				PRODUCT_BUNDLE_IDENTIFIER = com.sikubay.TokpedTests;
				PRODUCT_NAME = "$(TARGET_NAME)";
				SWIFT_VERSION = 5.0;
				TARGETED_DEVICE_FAMILY = "1,2";
				TEST_HOST = "$(BUILT_PRODUCTS_DIR)/Tokped.app/Tokped";
			};
			name = Debug;
		};
		4FACE2F824FC68A600B5B7C5 /* Release */ = {
			isa = XCBuildConfiguration;
			buildSettings = {
				ALWAYS_EMBED_SWIFT_STANDARD_LIBRARIES = YES;
				BUNDLE_LOADER = "$(TEST_HOST)";
				CODE_SIGN_STYLE = Automatic;
				DEVELOPMENT_TEAM = 296RF6QMS7;
				INFOPLIST_FILE = TokpedTests/Info.plist;
				IPHONEOS_DEPLOYMENT_TARGET = 13.6;
				LD_RUNPATH_SEARCH_PATHS = (
					"$(inherited)",
					"@executable_path/Frameworks",
					"@loader_path/Frameworks",
				);
				PRODUCT_BUNDLE_IDENTIFIER = com.sikubay.TokpedTests;
				PRODUCT_NAME = "$(TARGET_NAME)";
				SWIFT_VERSION = 5.0;
				TARGETED_DEVICE_FAMILY = "1,2";
				TEST_HOST = "$(BUILT_PRODUCTS_DIR)/Tokped.app/Tokped";
			};
			name = Release;
		};
		4FACE2FA24FC68A600B5B7C5 /* Debug */ = {
			isa = XCBuildConfiguration;
			buildSettings = {
				ALWAYS_EMBED_SWIFT_STANDARD_LIBRARIES = YES;
				CODE_SIGN_STYLE = Automatic;
				DEVELOPMENT_TEAM = 296RF6QMS7;
				INFOPLIST_FILE = TokpedUITests/Info.plist;
				LD_RUNPATH_SEARCH_PATHS = (
					"$(inherited)",
					"@executable_path/Frameworks",
					"@loader_path/Frameworks",
				);
				PRODUCT_BUNDLE_IDENTIFIER = com.sikubay.TokpedUITests;
				PRODUCT_NAME = "$(TARGET_NAME)";
				SWIFT_VERSION = 5.0;
				TARGETED_DEVICE_FAMILY = "1,2";
				TEST_TARGET_NAME = Tokped;
			};
			name = Debug;
		};
		4FACE2FB24FC68A600B5B7C5 /* Release */ = {
			isa = XCBuildConfiguration;
			buildSettings = {
				ALWAYS_EMBED_SWIFT_STANDARD_LIBRARIES = YES;
				CODE_SIGN_STYLE = Automatic;
				DEVELOPMENT_TEAM = 296RF6QMS7;
				INFOPLIST_FILE = TokpedUITests/Info.plist;
				LD_RUNPATH_SEARCH_PATHS = (
					"$(inherited)",
					"@executable_path/Frameworks",
					"@loader_path/Frameworks",
				);
				PRODUCT_BUNDLE_IDENTIFIER = com.sikubay.TokpedUITests;
				PRODUCT_NAME = "$(TARGET_NAME)";
				SWIFT_VERSION = 5.0;
				TARGETED_DEVICE_FAMILY = "1,2";
				TEST_TARGET_NAME = Tokped;
			};
			name = Release;
		};
/* End XCBuildConfiguration section */

/* Begin XCConfigurationList section */
		4FACE2C424FC68A500B5B7C5 /* Build configuration list for PBXProject "Tokped" */ = {
			isa = XCConfigurationList;
			buildConfigurations = (
				4FACE2F124FC68A600B5B7C5 /* Debug */,
				4FACE2F224FC68A600B5B7C5 /* Release */,
			);
			defaultConfigurationIsVisible = 0;
			defaultConfigurationName = Release;
		};
		4FACE2F324FC68A600B5B7C5 /* Build configuration list for PBXNativeTarget "Tokped" */ = {
			isa = XCConfigurationList;
			buildConfigurations = (
				4FACE2F424FC68A600B5B7C5 /* Debug */,
				4FACE2F524FC68A600B5B7C5 /* Release */,
			);
			defaultConfigurationIsVisible = 0;
			defaultConfigurationName = Release;
		};
		4FACE2F624FC68A600B5B7C5 /* Build configuration list for PBXNativeTarget "TokpedTests" */ = {
			isa = XCConfigurationList;
			buildConfigurations = (
				4FACE2F724FC68A600B5B7C5 /* Debug */,
				4FACE2F824FC68A600B5B7C5 /* Release */,
			);
			defaultConfigurationIsVisible = 0;
			defaultConfigurationName = Release;
		};
		4FACE2F924FC68A600B5B7C5 /* Build configuration list for PBXNativeTarget "TokpedUITests" */ = {
			isa = XCConfigurationList;
			buildConfigurations = (
				4FACE2FA24FC68A600B5B7C5 /* Debug */,
				4FACE2FB24FC68A600B5B7C5 /* Release */,
			);
			defaultConfigurationIsVisible = 0;
			defaultConfigurationName = Release;
		};
/* End XCConfigurationList section */
	};
	rootObject = 4FACE2C124FC68A500B5B7C5 /* Project object */;
}
